
Microsoft Visual Studio Solution File, Format Version 12.00
# Visual Studio Version 17
VisualStudioVersion = 17.12.35707.178
MinimumVisualStudioVersion = 10.0.40219.1
Project("{FAE04EC0-301F-11D3-BF4B-00C04F79EFBC}") = "GTECBackupReport", "GTECBackupReport.csproj", "{0F7CAAE3-12F9-4BC1-9859-719771374964}"
EndProject
Project("{FAE04EC0-301F-11D3-BF4B-00C04F79EFBC}") = "Service", "..\Service\Service.csproj", "{2286A15E-A766-40EB-8E16-AD95C35DEB4A}"
EndProject
Project("{FAE04EC0-301F-11D3-BF4B-00C04F79EFBC}") = "DataAccess", "..\DataAccess\DataAccess.csproj", "{EC112D58-EC43-41AC-838D-5D3CAC6A47F0}"
EndProject
Project("{FAE04EC0-301F-11D3-BF4B-00C04F79EFBC}") = "Business", "..\Business\Business.csproj", "{BF035025-DBD2-4C88-B0F8-0A104E0945AC}"
EndProject
Global
	GlobalSection(SolutionConfigurationPlatforms) = preSolution
		Debug|Any CPU = Debug|Any CPU
		Release|Any CPU = Release|Any CPU
	EndGlobalSection
	GlobalSection(ProjectConfigurationPlatforms) = postSolution
		{0F7CAAE3-12F9-4BC1-9859-719771374964}.Debug|Any CPU.ActiveCfg = Debug|Any CPU
		{0F7CAAE3-12F9-4BC1-9859-719771374964}.Debug|Any CPU.Build.0 = Debug|Any CPU
		{0F7CAAE3-12F9-4BC1-9859-719771374964}.Release|Any CPU.ActiveCfg = Release|Any CPU
		{0F7CAAE3-12F9-4BC1-9859-719771374964}.Release|Any CPU.Build.0 = Release|Any CPU
		{2286A15E-A766-40EB-8E16-AD95C35DEB4A}.Debug|Any CPU.ActiveCfg = Debug|Any CPU
		{2286A15E-A766-40EB-8E16-AD95C35DEB4A}.Debug|Any CPU.Build.0 = Debug|Any CPU
		{2286A15E-A766-40EB-8E16-AD95C35DEB4A}.Release|Any CPU.ActiveCfg = Release|Any CPU
		{2286A15E-A766-40EB-8E16-AD95C35DEB4A}.Release|Any CPU.Build.0 = Release|Any CPU
		{EC112D58-EC43-41AC-838D-5D3CAC6A47F0}.Debug|Any CPU.ActiveCfg = Debug|Any CPU
		{EC112D58-EC43-41AC-838D-5D3CAC6A47F0}.Debug|Any CPU.Build.0 = Debug|Any CPU
		{EC112D58-EC43-41AC-838D-5D3CAC6A47F0}.Release|Any CPU.ActiveCfg = Release|Any CPU
		{EC112D58-EC43-41AC-838D-5D3CAC6A47F0}.Release|Any CPU.Build.0 = Release|Any CPU
		{BF035025-DBD2-4C88-B0F8-0A104E0945AC}.Debug|Any CPU.ActiveCfg = Debug|Any CPU
		{BF035025-DBD2-4C88-B0F8-0A104E0945AC}.Debug|Any CPU.Build.0 = Debug|Any CPU
		{BF035025-DBD2-4C88-B0F8-0A104E0945AC}.Release|Any CPU.ActiveCfg = Release|Any CPU
		{BF035025-DBD2-4C88-B0F8-0A104E0945AC}.Release|Any CPU.Build.0 = Release|Any CPU
	EndGlobalSection
	GlobalSection(SolutionProperties) = preSolution
		HideSolutionNode = FALSE
	EndGlobalSection
EndGlobal
